
Microsoft Visual Studio Solution File, Format Version 12.00
# Visual Studio Version 17
VisualStudioVersion = 17.8.34330.188
MinimumVisualStudioVersion = 10.0.40219.1
Project("{FAE04EC0-301F-11D3-BF4B-00C04F79EFBC}") = "Softeast.Lesson2.WebApp", "Softeast.Lesson2.WebApp\Softeast.Lesson2.WebApp.csproj", "{6E09A2EF-882A-4D2D-9D38-ED88EF0995A5}"
EndProject
Global
	GlobalSection(SolutionConfigurationPlatforms) = preSolution
		Debug|Any CPU = Debug|Any CPU
		Release|Any CPU = Release|Any CPU
	EndGlobalSection
	GlobalSection(ProjectConfigurationPlatforms) = postSolution
		{6E09A2EF-882A-4D2D-9D38-ED88EF0995A5}.Debug|Any CPU.ActiveCfg = Debug|Any CPU
		{6E09A2EF-882A-4D2D-9D38-ED88EF0995A5}.Debug|Any CPU.Build.0 = Debug|Any CPU
		{6E09A2EF-882A-4D2D-9D38-ED88EF0995A5}.Release|Any CPU.ActiveCfg = Release|Any CPU
		{6E09A2EF-882A-4D2D-9D38-ED88EF0995A5}.Release|Any CPU.Build.0 = Release|Any CPU
	EndGlobalSection
	GlobalSection(SolutionProperties) = preSolution
		HideSolutionNode = FALSE
	EndGlobalSection
	GlobalSection(ExtensibilityGlobals) = postSolution
		SolutionGuid = {350D15CB-67F6-43CF-A937-5989EA9240B3}
	EndGlobalSection
EndGlobal
